// !$*UTF8*$!
{
	archiveVersion = 1;
	classes = {
	};
	objectVersion = 48;
	objects = {

/* Begin PBXBuildFile section */
		E80A9081201EFF6E008AD011 /* AppDelegate.m in Sources */ = {isa = PBXBuildFile; fileRef = E80A9080201EFF6E008AD011 /* AppDelegate.m */; };
		E80A9084201EFF6E008AD011 /* ViewController.m in Sources */ = {isa = PBXBuildFile; fileRef = E80A9083201EFF6E008AD011 /* ViewController.m */; };
		E80A9087201EFF6E008AD011 /* Main.storyboard in Resources */ = {isa = PBXBuildFile; fileRef = E80A9085201EFF6E008AD011 /* Main.storyboard */; };
		E80A9089201EFF6E008AD011 /* Assets.xcassets in Resources */ = {isa = PBXBuildFile; fileRef = E80A9088201EFF6E008AD011 /* Assets.xcassets */; };
		E80A908C201EFF6E008AD011 /* LaunchScreen.storyboard in Resources */ = {isa = PBXBuildFile; fileRef = E80A908A201EFF6E008AD011 /* LaunchScreen.storyboard */; };
		E80A908F201EFF6E008AD011 /* main.m in Sources */ = {isa = PBXBuildFile; fileRef = E80A908E201EFF6E008AD011 /* main.m */; };
		E80A9097201EFFF9008AD011 /* WebService.m in Sources */ = {isa = PBXBuildFile; fileRef = E80A9096201EFFF9008AD011 /* WebService.m */; };
		E80A909F201F21F4008AD011 /* kk_WebAPITests.m in Sources */ = {isa = PBXBuildFile; fileRef = E80A909E201F21F4008AD011 /* kk_WebAPITests.m */; };
/* End PBXBuildFile section */

/* Begin PBXContainerItemProxy section */
		E80A90A1201F21F4008AD011 /* PBXContainerItemProxy */ = {
			isa = PBXContainerItemProxy;
			containerPortal = E80A9074201EFF6E008AD011 /* Project object */;
			proxyType = 1;
			remoteGlobalIDString = E80A907B201EFF6E008AD011;
			remoteInfo = kk_WebAPI;
		};
/* End PBXContainerItemProxy section */

/* Begin PBXFileReference section */
		E80A907C201EFF6E008AD011 /* kk_WebAPI.app */ = {isa = PBXFileReference; explicitFileType = wrapper.application; includeInIndex = 0; path = kk_WebAPI.app; sourceTree = BUILT_PRODUCTS_DIR; };
		E80A907F201EFF6E008AD011 /* AppDelegate.h */ = {isa = PBXFileReference; lastKnownFileType = sourcecode.c.h; path = AppDelegate.h; sourceTree = "<group>"; };
		E80A9080201EFF6E008AD011 /* AppDelegate.m */ = {isa = PBXFileReference; lastKnownFileType = sourcecode.c.objc; path = AppDelegate.m; sourceTree = "<group>"; };
		E80A9082201EFF6E008AD011 /* ViewController.h */ = {isa = PBXFileReference; lastKnownFileType = sourcecode.c.h; path = ViewController.h; sourceTree = "<group>"; };
		E80A9083201EFF6E008AD011 /* ViewController.m */ = {isa = PBXFileReference; lastKnownFileType = sourcecode.c.objc; path = ViewController.m; sourceTree = "<group>"; };
		E80A9086201EFF6E008AD011 /* Base */ = {isa = PBXFileReference; lastKnownFileType = file.storyboard; name = Base; path = Base.lproj/Main.storyboard; sourceTree = "<group>"; };
		E80A9088201EFF6E008AD011 /* Assets.xcassets */ = {isa = PBXFileReference; lastKnownFileType = folder.assetcatalog; path = Assets.xcassets; sourceTree = "<group>"; };
		E80A908B201EFF6E008AD011 /* Base */ = {isa = PBXFileReference; lastKnownFileType = file.storyboard; name = Base; path = Base.lproj/LaunchScreen.storyboard; sourceTree = "<group>"; };
		E80A908D201EFF6E008AD011 /* Info.plist */ = {isa = PBXFileReference; lastKnownFileType = text.plist.xml; path = Info.plist; sourceTree = "<group>"; };
		E80A908E201EFF6E008AD011 /* main.m */ = {isa = PBXFileReference; lastKnownFileType = sourcecode.c.objc; path = main.m; sourceTree = "<group>"; };
		E80A9095201EFFF9008AD011 /* WebService.h */ = {isa = PBXFileReference; lastKnownFileType = sourcecode.c.h; path = WebService.h; sourceTree = "<group>"; };
		E80A9096201EFFF9008AD011 /* WebService.m */ = {isa = PBXFileReference; lastKnownFileType = sourcecode.c.objc; path = WebService.m; sourceTree = "<group>"; };
		E80A909C201F21F4008AD011 /* kk_WebAPITests.xctest */ = {isa = PBXFileReference; explicitFileType = wrapper.cfbundle; includeInIndex = 0; path = kk_WebAPITests.xctest; sourceTree = BUILT_PRODUCTS_DIR; };
		E80A909E201F21F4008AD011 /* kk_WebAPITests.m */ = {isa = PBXFileReference; lastKnownFileType = sourcecode.c.objc; path = kk_WebAPITests.m; sourceTree = "<group>"; };
		E80A90A0201F21F4008AD011 /* Info.plist */ = {isa = PBXFileReference; lastKnownFileType = text.plist.xml; path = Info.plist; sourceTree = "<group>"; };
/* End PBXFileReference section */

/* Begin PBXFrameworksBuildPhase section */
		E80A9079201EFF6E008AD011 /* Frameworks */ = {
			isa = PBXFrameworksBuildPhase;
			buildActionMask = 2147483647;
			files = (
			);
			runOnlyForDeploymentPostprocessing = 0;
		};
		E80A9099201F21F4008AD011 /* Frameworks */ = {
			isa = PBXFrameworksBuildPhase;
			buildActionMask = 2147483647;
			files = (
			);
			runOnlyForDeploymentPostprocessing = 0;
		};
/* End PBXFrameworksBuildPhase section */

/* Begin PBXGroup section */
		E80A9073201EFF6E008AD011 = {
			isa = PBXGroup;
			children = (
				E80A907E201EFF6E008AD011 /* kk_WebAPI */,
				E80A909D201F21F4008AD011 /* kk_WebAPITests */,
				E80A907D201EFF6E008AD011 /* Products */,
			);
			sourceTree = "<group>";
		};
		E80A907D201EFF6E008AD011 /* Products */ = {
			isa = PBXGroup;
			children = (
				E80A907C201EFF6E008AD011 /* kk_WebAPI.app */,
				E80A909C201F21F4008AD011 /* kk_WebAPITests.xctest */,
			);
			name = Products;
			sourceTree = "<group>";
		};
		E80A907E201EFF6E008AD011 /* kk_WebAPI */ = {
			isa = PBXGroup;
			children = (
				E80A907F201EFF6E008AD011 /* AppDelegate.h */,
				E80A9080201EFF6E008AD011 /* AppDelegate.m */,
				E80A9082201EFF6E008AD011 /* ViewController.h */,
				E80A9083201EFF6E008AD011 /* ViewController.m */,
				E80A9095201EFFF9008AD011 /* WebService.h */,
				E80A9096201EFFF9008AD011 /* WebService.m */,
				E80A9085201EFF6E008AD011 /* Main.storyboard */,
				E80A9088201EFF6E008AD011 /* Assets.xcassets */,
				E80A908A201EFF6E008AD011 /* LaunchScreen.storyboard */,
				E80A908D201EFF6E008AD011 /* Info.plist */,
				E80A908E201EFF6E008AD011 /* main.m */,
			);
			path = kk_WebAPI;
			sourceTree = "<group>";
		};
		E80A909D201F21F4008AD011 /* kk_WebAPITests */ = {
			isa = PBXGroup;
			children = (
				E80A909E201F21F4008AD011 /* kk_WebAPITests.m */,
				E80A90A0201F21F4008AD011 /* Info.plist */,
			);
			path = kk_WebAPITests;
			sourceTree = "<group>";
		};
/* End PBXGroup section */

/* Begin PBXNativeTarget section */
		E80A907B201EFF6E008AD011 /* kk_WebAPI */ = {
			isa = PBXNativeTarget;
			buildConfigurationList = E80A9092201EFF6E008AD011 /* Build configuration list for PBXNativeTarget "kk_WebAPI" */;
			buildPhases = (
				E80A9078201EFF6E008AD011 /* Sources */,
				E80A9079201EFF6E008AD011 /* Frameworks */,
				E80A907A201EFF6E008AD011 /* Resources */,
			);
			buildRules = (
			);
			dependencies = (
			);
			name = kk_WebAPI;
			productName = kk_WebAPI;
			productReference = E80A907C201EFF6E008AD011 /* kk_WebAPI.app */;
			productType = "com.apple.product-type.application";
		};
		E80A909B201F21F4008AD011 /* kk_WebAPITests */ = {
			isa = PBXNativeTarget;
			buildConfigurationList = E80A90A3201F21F4008AD011 /* Build configuration list for PBXNativeTarget "kk_WebAPITests" */;
			buildPhases = (
				E80A9098201F21F4008AD011 /* Sources */,
				E80A9099201F21F4008AD011 /* Frameworks */,
				E80A909A201F21F4008AD011 /* Resources */,
			);
			buildRules = (
			);
			dependencies = (
				E80A90A2201F21F4008AD011 /* PBXTargetDependency */,
			);
			name = kk_WebAPITests;
			productName = kk_WebAPITests;
			productReference = E80A909C201F21F4008AD011 /* kk_WebAPITests.xctest */;
			productType = "com.apple.product-type.bundle.unit-test";
		};
/* End PBXNativeTarget section */

/* Begin PBXProject section */
		E80A9074201EFF6E008AD011 /* Project object */ = {
			isa = PBXProject;
			attributes = {
				LastUpgradeCheck = 0920;
				ORGANIZATIONNAME = AndyWu;
				TargetAttributes = {
					E80A907B201EFF6E008AD011 = {
						CreatedOnToolsVersion = 9.2;
						ProvisioningStyle = Automatic;
					};
					E80A909B201F21F4008AD011 = {
						CreatedOnToolsVersion = 9.2;
						ProvisioningStyle = Automatic;
						TestTargetID = E80A907B201EFF6E008AD011;
					};
				};
			};
			buildConfigurationList = E80A9077201EFF6E008AD011 /* Build configuration list for PBXProject "kk_WebAPI" */;
			compatibilityVersion = "Xcode 8.0";
			developmentRegion = en;
			hasScannedForEncodings = 0;
			knownRegions = (
				en,
				Base,
			);
			mainGroup = E80A9073201EFF6E008AD011;
			productRefGroup = E80A907D201EFF6E008AD011 /* Products */;
			projectDirPath = "";
			projectRoot = "";
			targets = (
				E80A907B201EFF6E008AD011 /* kk_WebAPI */,
				E80A909B201F21F4008AD011 /* kk_WebAPITests */,
			);
		};
/* End PBXProject section */

/* Begin PBXResourcesBuildPhase section */
		E80A907A201EFF6E008AD011 /* Resources */ = {
			isa = PBXResourcesBuildPhase;
			buildActionMask = 2147483647;
			files = (
				E80A908C201EFF6E008AD011 /* LaunchScreen.storyboard in Resources */,
				E80A9089201EFF6E008AD011 /* Assets.xcassets in Resources */,
				E80A9087201EFF6E008AD011 /* Main.storyboard in Resources */,
			);
			runOnlyForDeploymentPostprocessing = 0;
		};
		E80A909A201F21F4008AD011 /* Resources */ = {
			isa = PBXResourcesBuildPhase;
			buildActionMask = 2147483647;
			files = (
			);
			runOnlyForDeploymentPostprocessing = 0;
		};
/* End PBXResourcesBuildPhase section */

/* Begin PBXSourcesBuildPhase section */
		E80A9078201EFF6E008AD011 /* Sources */ = {
			isa = PBXSourcesBuildPhase;
			buildActionMask = 2147483647;
			files = (
				E80A9084201EFF6E008AD011 /* ViewController.m in Sources */,
				E80A908F201EFF6E008AD011 /* main.m in Sources */,
				E80A9097201EFFF9008AD011 /* WebService.m in Sources */,
				E80A9081201EFF6E008AD011 /* AppDelegate.m in Sources */,
			);
			runOnlyForDeploymentPostprocessing = 0;
		};
		E80A9098201F21F4008AD011 /* Sources */ = {
			isa = PBXSourcesBuildPhase;
			buildActionMask = 2147483647;
			files = (
				E80A909F201F21F4008AD011 /* kk_WebAPITests.m in Sources */,
			);
			runOnlyForDeploymentPostprocessing = 0;
		};
/* End PBXSourcesBuildPhase section */

/* Begin PBXTargetDependency section */
		E80A90A2201F21F4008AD011 /* PBXTargetDependency */ = {
			isa = PBXTargetDependency;
			target = E80A907B201EFF6E008AD011 /* kk_WebAPI */;
			targetProxy = E80A90A1201F21F4008AD011 /* PBXContainerItemProxy */;
		};
/* End PBXTargetDependency section */

/* Begin PBXVariantGroup section */
		E80A9085201EFF6E008AD011 /* Main.storyboard */ = {
			isa = PBXVariantGroup;
			children = (
				E80A9086201EFF6E008AD011 /* Base */,
			);
			name = Main.storyboard;
			sourceTree = "<group>";
		};
		E80A908A201EFF6E008AD011 /* LaunchScreen.storyboard */ = {
			isa = PBXVariantGroup;
			children = (
				E80A908B201EFF6E008AD011 /* Base */,
			);
			name = LaunchScreen.storyboard;
			sourceTree = "<group>";
		};
/* End PBXVariantGroup section */

/* Begin XCBuildConfiguration section */
		E80A9090201EFF6E008AD011 /* Debug */ = {
			isa = XCBuildConfiguration;
			buildSettings = {
				ALWAYS_SEARCH_USER_PATHS = NO;
				CLANG_ANALYZER_NONNULL = YES;
				CLANG_ANALYZER_NUMBER_OBJECT_CONVERSION = YES_AGGRESSIVE;
				CLANG_CXX_LANGUAGE_STANDARD = "gnu++14";
				CLANG_CXX_LIBRARY = "libc++";
				CLANG_ENABLE_MODULES = YES;
				CLANG_ENABLE_OBJC_ARC = YES;
				CLANG_WARN_BLOCK_CAPTURE_AUTORELEASING = YES;
				CLANG_WARN_BOOL_CONVERSION = YES;
				CLANG_WARN_COMMA = YES;
				CLANG_WARN_CONSTANT_CONVERSION = YES;
				CLANG_WARN_DIRECT_OBJC_ISA_USAGE = YES_ERROR;
				CLANG_WARN_DOCUMENTATION_COMMENTS = YES;
				CLANG_WARN_EMPTY_BODY = YES;
				CLANG_WARN_ENUM_CONVERSION = YES;
				CLANG_WARN_INFINITE_RECURSION = YES;
				CLANG_WARN_INT_CONVERSION = YES;
				CLANG_WARN_NON_LITERAL_NULL_CONVERSION = YES;
				CLANG_WARN_OBJC_LITERAL_CONVERSION = YES;
				CLANG_WARN_OBJC_ROOT_CLASS = YES_ERROR;
				CLANG_WARN_RANGE_LOOP_ANALYSIS = YES;
				CLANG_WARN_STRICT_PROTOTYPES = YES;
				CLANG_WARN_SUSPICIOUS_MOVE = YES;
				CLANG_WARN_UNGUARDED_AVAILABILITY = YES_AGGRESSIVE;
				CLANG_WARN_UNREACHABLE_CODE = YES;
				CLANG_WARN__DUPLICATE_METHOD_MATCH = YES;
				CODE_SIGN_IDENTITY = "iPhone Developer";
				COPY_PHASE_STRIP = NO;
				DEBUG_INFORMATION_FORMAT = dwarf;
				ENABLE_STRICT_OBJC_MSGSEND = YES;
				ENABLE_TESTABILITY = YES;
				GCC_C_LANGUAGE_STANDARD = gnu11;
				GCC_DYNAMIC_NO_PIC = NO;
				GCC_NO_COMMON_BLOCKS = YES;
				GCC_OPTIMIZATION_LEVEL = 0;
				GCC_PREPROCESSOR_DEFINITIONS = (
					"DEBUG=1",
					"$(inherited)",
				);
				GCC_WARN_64_TO_32_BIT_CONVERSION = YES;
				GCC_WARN_ABOUT_RETURN_TYPE = YES_ERROR;
				GCC_WARN_UNDECLARED_SELECTOR = YES;
				GCC_WARN_UNINITIALIZED_AUTOS = YES_AGGRESSIVE;
				GCC_WARN_UNUSED_FUNCTION = YES;
				GCC_WARN_UNUSED_VARIABLE = YES;
				IPHONEOS_DEPLOYMENT_TARGET = 11.2;
				MTL_ENABLE_DEBUG_INFO = YES;
				ONLY_ACTIVE_ARCH = YES;
				SDKROOT = iphoneos;
			};
			name = Debug;
		};
		E80A9091201EFF6E008AD011 /* Release */ = {
			isa = XCBuildConfiguration;
			buildSettings = {
				ALWAYS_SEARCH_USER_PATHS = NO;
				CLANG_ANALYZER_NONNULL = YES;
				CLANG_ANALYZER_NUMBER_OBJECT_CONVERSION = YES_AGGRESSIVE;
				CLANG_CXX_LANGUAGE_STANDARD = "gnu++14";
				CLANG_CXX_LIBRARY = "libc++";
				CLANG_ENABLE_MODULES = YES;
				CLANG_ENABLE_OBJC_ARC = YES;
				CLANG_WARN_BLOCK_CAPTURE_AUTORELEASING = YES;
				CLANG_WARN_BOOL_CONVERSION = YES;
				CLANG_WARN_COMMA = YES;
				CLANG_WARN_CONSTANT_CONVERSION = YES;
				CLANG_WARN_DIRECT_OBJC_ISA_USAGE = YES_ERROR;
				CLANG_WARN_DOCUMENTATION_COMMENTS = YES;
				CLANG_WARN_EMPTY_BODY = YES;
				CLANG_WARN_ENUM_CONVERSION = YES;
				CLANG_WARN_INFINITE_RECURSION = YES;
				CLANG_WARN_INT_CONVERSION = YES;
				CLANG_WARN_NON_LITERAL_NULL_CONVERSION = YES;
				CLANG_WARN_OBJC_LITERAL_CONVERSION = YES;
				CLANG_WARN_OBJC_ROOT_CLASS = YES_ERROR;
				CLANG_WARN_RANGE_LOOP_ANALYSIS = YES;
				CLANG_WARN_STRICT_PROTOTYPES = YES;
				CLANG_WARN_SUSPICIOUS_MOVE = YES;
				CLANG_WARN_UNGUARDED_AVAILABILITY = YES_AGGRESSIVE;
				CLANG_WARN_UNREACHABLE_CODE = YES;
				CLANG_WARN__DUPLICATE_METHOD_MATCH = YES;
				CODE_SIGN_IDENTITY = "iPhone Developer";
				COPY_PHASE_STRIP = NO;
				DEBUG_INFORMATION_FORMAT = "dwarf-with-dsym";
				ENABLE_NS_ASSERTIONS = NO;
				ENABLE_STRICT_OBJC_MSGSEND = YES;
				GCC_C_LANGUAGE_STANDARD = gnu11;
				GCC_NO_COMMON_BLOCKS = YES;
				GCC_WARN_64_TO_32_BIT_CONVERSION = YES;
				GCC_WARN_ABOUT_RETURN_TYPE = YES_ERROR;
				GCC_WARN_UNDECLARED_SELECTOR = YES;
				GCC_WARN_UNINITIALIZED_AUTOS = YES_AGGRESSIVE;
				GCC_WARN_UNUSED_FUNCTION = YES;
				GCC_WARN_UNUSED_VARIABLE = YES;
				IPHONEOS_DEPLOYMENT_TARGET = 11.2;
				MTL_ENABLE_DEBUG_INFO = NO;
				SDKROOT = iphoneos;
				VALIDATE_PRODUCT = YES;
			};
			name = Release;
		};
		E80A9093201EFF6E008AD011 /* Debug */ = {
			isa = XCBuildConfiguration;
			buildSettings = {
				ASSETCATALOG_COMPILER_APPICON_NAME = AppIcon;
				CODE_SIGN_STYLE = Automatic;
				DEVELOPMENT_TEAM = XYPDXK3E6M;
				INFOPLIST_FILE = kk_WebAPI/Info.plist;
				LD_RUNPATH_SEARCH_PATHS = "$(inherited) @executable_path/Frameworks";
				PRODUCT_BUNDLE_IDENTIFIER = "takming.mis.alumni.association.kk-WebAPI";
				PRODUCT_NAME = "$(TARGET_NAME)";
				TARGETED_DEVICE_FAMILY = "1,2";
			};
			name = Debug;
		};
		E80A9094201EFF6E008AD011 /* Release */ = {
			isa = XCBuildConfiguration;
			buildSettings = {
				ASSETCATALOG_COMPILER_APPICON_NAME = AppIcon;
				CODE_SIGN_STYLE = Automatic;
				DEVELOPMENT_TEAM = XYPDXK3E6M;
				INFOPLIST_FILE = kk_WebAPI/Info.plist;
				LD_RUNPATH_SEARCH_PATHS = "$(inherited) @executable_path/Frameworks";
				PRODUCT_BUNDLE_IDENTIFIER = "takming.mis.alumni.association.kk-WebAPI";
				PRODUCT_NAME = "$(TARGET_NAME)";
				TARGETED_DEVICE_FAMILY = "1,2";
			};
			name = Release;
		};
		E80A90A4201F21F4008AD011 /* Debug */ = {
			isa = XCBuildConfiguration;
			buildSettings = {
				BUNDLE_LOADER = "$(TEST_HOST)";
				CODE_SIGN_STYLE = Automatic;
				DEVELOPMENT_TEAM = XYPDXK3E6M;
				INFOPLIST_FILE = kk_WebAPITests/Info.plist;
				LD_RUNPATH_SEARCH_PATHS = "$(inherited) @executable_path/Frameworks @loader_path/Frameworks";
				PRODUCT_BUNDLE_IDENTIFIER = "takming.mis.alumni.association.kk-WebAPITests";
				PRODUCT_NAME = "$(TARGET_NAME)";
				TARGETED_DEVICE_FAMILY = "1,2";
				TEST_HOST = "$(BUILT_PRODUCTS_DIR)/kk_WebAPI.app/kk_WebAPI";
			};
			name = Debug;
		};
		E80A90A5201F21F4008AD011 /* Release */ = {
			isa = XCBuildConfiguration;
			buildSettings = {
				BUNDLE_LOADER = "$(TEST_HOST)";
				CODE_SIGN_STYLE = Automatic;
				DEVELOPMENT_TEAM = XYPDXK3E6M;
				INFOPLIST_FILE = kk_WebAPITests/Info.plist;
				LD_RUNPATH_SEARCH_PATHS = "$(inherited) @executable_path/Frameworks @loader_path/Frameworks";
				PRODUCT_BUNDLE_IDENTIFIER = "takming.mis.alumni.association.kk-WebAPITests";
				PRODUCT_NAME = "$(TARGET_NAME)";
				TARGETED_DEVICE_FAMILY = "1,2";
				TEST_HOST = "$(BUILT_PRODUCTS_DIR)/kk_WebAPI.app/kk_WebAPI";
			};
			name = Release;
		};
/* End XCBuildConfiguration section */

/* Begin XCConfigurationList section */
		E80A9077201EFF6E008AD011 /* Build configuration list for PBXProject "kk_WebAPI" */ = {
			isa = XCConfigurationList;
			buildConfigurations = (
				E80A9090201EFF6E008AD011 /* Debug */,
				E80A9091201EFF6E008AD011 /* Release */,
			);
			defaultConfigurationIsVisible = 0;
			defaultConfigurationName = Release;
		};
		E80A9092201EFF6E008AD011 /* Build configuration list for PBXNativeTarget "kk_WebAPI" */ = {
			isa = XCConfigurationList;
			buildConfigurations = (
				E80A9093201EFF6E008AD011 /* Debug */,
				E80A9094201EFF6E008AD011 /* Release */,
			);
			defaultConfigurationIsVisible = 0;
			defaultConfigurationName = Release;
		};
		E80A90A3201F21F4008AD011 /* Build configuration list for PBXNativeTarget "kk_WebAPITests" */ = {
			isa = XCConfigurationList;
			buildConfigurations = (
				E80A90A4201F21F4008AD011 /* Debug */,
				E80A90A5201F21F4008AD011 /* Release */,
			);
			defaultConfigurationIsVisible = 0;
			defaultConfigurationName = Release;
		};
/* End XCConfigurationList section */
	};
	rootObject = E80A9074201EFF6E008AD011 /* Project object */;
}
